
Microsoft Visual Studio Solution File, Format Version 12.00
# Visual Studio 15
VisualStudioVersion = 15.0.27703.2042
MinimumVisualStudioVersion = 10.0.40219.1
Project("{FAE04EC0-301F-11D3-BF4B-00C04F79EFBC}") = "Task.Android", "Task\Task.Android\Task.Android.csproj", "{F65E92BF-0044-47C5-B667-6C883445131F}"
EndProject
Project("{FAE04EC0-301F-11D3-BF4B-00C04F79EFBC}") = "Task.iOS", "Task\Task.iOS\Task.iOS.csproj", "{14F744F8-A791-4FF1-B352-6A2098A2CC17}"
EndProject
Project("{FAE04EC0-301F-11D3-BF4B-00C04F79EFBC}") = "Task", "Task\Task\Task.csproj", "{CF9E8DDC-3E11-4DE4-90C7-C45E39EB2B8C}"
EndProject
Global
	GlobalSection(SolutionConfigurationPlatforms) = preSolution
		Ad-Hoc|Any CPU = Ad-Hoc|Any CPU
		Ad-Hoc|iPhone = Ad-Hoc|iPhone
		Ad-Hoc|iPhoneSimulator = Ad-Hoc|iPhoneSimulator
		AppStore|Any CPU = AppStore|Any CPU
		AppStore|iPhone = AppStore|iPhone
		AppStore|iPhoneSimulator = AppStore|iPhoneSimulator
		Debug|Any CPU = Debug|Any CPU
		Debug|iPhone = Debug|iPhone
		Debug|iPhoneSimulator = Debug|iPhoneSimulator
		Release|Any CPU = Release|Any CPU
		Release|iPhone = Release|iPhone
		Release|iPhoneSimulator = Release|iPhoneSimulator
	EndGlobalSection
	GlobalSection(ProjectConfigurationPlatforms) = postSolution
		{F65E92BF-0044-47C5-B667-6C883445131F}.Ad-Hoc|Any CPU.ActiveCfg = Release|Any CPU
		{F65E92BF-0044-47C5-B667-6C883445131F}.Ad-Hoc|Any CPU.Build.0 = Release|Any CPU
		{F65E92BF-0044-47C5-B667-6C883445131F}.Ad-Hoc|Any CPU.Deploy.0 = Release|Any CPU
		{F65E92BF-0044-47C5-B667-6C883445131F}.Ad-Hoc|iPhone.ActiveCfg = Release|Any CPU
		{F65E92BF-0044-47C5-B667-6C883445131F}.Ad-Hoc|iPhone.Build.0 = Release|Any CPU
		{F65E92BF-0044-47C5-B667-6C883445131F}.Ad-Hoc|iPhone.Deploy.0 = Release|Any CPU
		{F65E92BF-0044-47C5-B667-6C883445131F}.Ad-Hoc|iPhoneSimulator.ActiveCfg = Release|Any CPU
		{F65E92BF-0044-47C5-B667-6C883445131F}.Ad-Hoc|iPhoneSimulator.Build.0 = Release|Any CPU
		{F65E92BF-0044-47C5-B667-6C883445131F}.Ad-Hoc|iPhoneSimulator.Deploy.0 = Release|Any CPU
		{F65E92BF-0044-47C5-B667-6C883445131F}.AppStore|Any CPU.ActiveCfg = Release|Any CPU
		{F65E92BF-0044-47C5-B667-6C883445131F}.AppStore|Any CPU.Build.0 = Release|Any CPU
		{F65E92BF-0044-47C5-B667-6C883445131F}.AppStore|Any CPU.Deploy.0 = Release|Any CPU
		{F65E92BF-0044-47C5-B667-6C883445131F}.AppStore|iPhone.ActiveCfg = Release|Any CPU
		{F65E92BF-0044-47C5-B667-6C883445131F}.AppStore|iPhone.Build.0 = Release|Any CPU
		{F65E92BF-0044-47C5-B667-6C883445131F}.AppStore|iPhone.Deploy.0 = Release|Any CPU
		{F65E92BF-0044-47C5-B667-6C883445131F}.AppStore|iPhoneSimulator.ActiveCfg = Release|Any CPU
		{F65E92BF-0044-47C5-B667-6C883445131F}.AppStore|iPhoneSimulator.Build.0 = Release|Any CPU
		{F65E92BF-0044-47C5-B667-6C883445131F}.AppStore|iPhoneSimulator.Deploy.0 = Release|Any CPU
		{F65E92BF-0044-47C5-B667-6C883445131F}.Debug|Any CPU.ActiveCfg = Debug|Any CPU
		{F65E92BF-0044-47C5-B667-6C883445131F}.Debug|Any CPU.Build.0 = Debug|Any CPU
		{F65E92BF-0044-47C5-B667-6C883445131F}.Debug|Any CPU.Deploy.0 = Debug|Any CPU
		{F65E92BF-0044-47C5-B667-6C883445131F}.Debug|iPhone.ActiveCfg = Debug|Any CPU
		{F65E92BF-0044-47C5-B667-6C883445131F}.Debug|iPhone.Build.0 = Debug|Any CPU
		{F65E92BF-0044-47C5-B667-6C883445131F}.Debug|iPhone.Deploy.0 = Debug|Any CPU
		{F65E92BF-0044-47C5-B667-6C883445131F}.Debug|iPhoneSimulator.ActiveCfg = Debug|Any CPU
		{F65E92BF-0044-47C5-B667-6C883445131F}.Debug|iPhoneSimulator.Build.0 = Debug|Any CPU
		{F65E92BF-0044-47C5-B667-6C883445131F}.Debug|iPhoneSimulator.Deploy.0 = Debug|Any CPU
		{F65E92BF-0044-47C5-B667-6C883445131F}.Release|Any CPU.ActiveCfg = Release|Any CPU
		{F65E92BF-0044-47C5-B667-6C883445131F}.Release|Any CPU.Build.0 = Release|Any CPU
		{F65E92BF-0044-47C5-B667-6C883445131F}.Release|Any CPU.Deploy.0 = Release|Any CPU
		{F65E92BF-0044-47C5-B667-6C883445131F}.Release|iPhone.ActiveCfg = Release|Any CPU
		{F65E92BF-0044-47C5-B667-6C883445131F}.Release|iPhone.Build.0 = Release|Any CPU
		{F65E92BF-0044-47C5-B667-6C883445131F}.Release|iPhone.Deploy.0 = Release|Any CPU
		{F65E92BF-0044-47C5-B667-6C883445131F}.Release|iPhoneSimulator.ActiveCfg = Release|Any CPU
		{F65E92BF-0044-47C5-B667-6C883445131F}.Release|iPhoneSimulator.Build.0 = Release|Any CPU
		{F65E92BF-0044-47C5-B667-6C883445131F}.Release|iPhoneSimulator.Deploy.0 = Release|Any CPU
		{14F744F8-A791-4FF1-B352-6A2098A2CC17}.Ad-Hoc|Any CPU.ActiveCfg = Ad-Hoc|iPhone
		{14F744F8-A791-4FF1-B352-6A2098A2CC17}.Ad-Hoc|Any CPU.Build.0 = Ad-Hoc|iPhone
		{14F744F8-A791-4FF1-B352-6A2098A2CC17}.Ad-Hoc|Any CPU.Deploy.0 = Ad-Hoc|iPhone
		{14F744F8-A791-4FF1-B352-6A2098A2CC17}.Ad-Hoc|iPhone.ActiveCfg = Ad-Hoc|iPhone
		{14F744F8-A791-4FF1-B352-6A2098A2CC17}.Ad-Hoc|iPhone.Build.0 = Ad-Hoc|iPhone
		{14F744F8-A791-4FF1-B352-6A2098A2CC17}.Ad-Hoc|iPhone.Deploy.0 = Ad-Hoc|iPhone
		{14F744F8-A791-4FF1-B352-6A2098A2CC17}.Ad-Hoc|iPhoneSimulator.ActiveCfg = Ad-Hoc|iPhoneSimulator
		{14F744F8-A791-4FF1-B352-6A2098A2CC17}.Ad-Hoc|iPhoneSimulator.Build.0 = Ad-Hoc|iPhoneSimulator
		{14F744F8-A791-4FF1-B352-6A2098A2CC17}.Ad-Hoc|iPhoneSimulator.Deploy.0 = Ad-Hoc|iPhoneSimulator
		{14F744F8-A791-4FF1-B352-6A2098A2CC17}.AppStore|Any CPU.ActiveCfg = AppStore|iPhone
		{14F744F8-A791-4FF1-B352-6A2098A2CC17}.AppStore|Any CPU.Build.0 = AppStore|iPhone
		{14F744F8-A791-4FF1-B352-6A2098A2CC17}.AppStore|Any CPU.Deploy.0 = AppStore|iPhone
		{14F744F8-A791-4FF1-B352-6A2098A2CC17}.AppStore|iPhone.ActiveCfg = AppStore|iPhone
		{14F744F8-A791-4FF1-B352-6A2098A2CC17}.AppStore|iPhone.Build.0 = AppStore|iPhone
		{14F744F8-A791-4FF1-B352-6A2098A2CC17}.AppStore|iPhone.Deploy.0 = AppStore|iPhone
		{14F744F8-A791-4FF1-B352-6A2098A2CC17}.AppStore|iPhoneSimulator.ActiveCfg = AppStore|iPhoneSimulator
		{14F744F8-A791-4FF1-B352-6A2098A2CC17}.AppStore|iPhoneSimulator.Build.0 = AppStore|iPhoneSimulator
		{14F744F8-A791-4FF1-B352-6A2098A2CC17}.AppStore|iPhoneSimulator.Deploy.0 = AppStore|iPhoneSimulator
		{14F744F8-A791-4FF1-B352-6A2098A2CC17}.Debug|Any CPU.ActiveCfg = Debug|iPhoneSimulator
		{14F744F8-A791-4FF1-B352-6A2098A2CC17}.Debug|Any CPU.Build.0 = Debug|iPhoneSimulator
		{14F744F8-A791-4FF1-B352-6A2098A2CC17}.Debug|Any CPU.Deploy.0 = Debug|iPhoneSimulator
		{14F744F8-A791-4FF1-B352-6A2098A2CC17}.Debug|iPhone.ActiveCfg = Debug|iPhone
		{14F744F8-A791-4FF1-B352-6A2098A2CC17}.Debug|iPhone.Build.0 = Debug|iPhone
		{14F744F8-A791-4FF1-B352-6A2098A2CC17}.Debug|iPhone.Deploy.0 = Debug|iPhone
		{14F744F8-A791-4FF1-B352-6A2098A2CC17}.Debug|iPhoneSimulator.ActiveCfg = Debug|iPhoneSimulator
		{14F744F8-A791-4FF1-B352-6A2098A2CC17}.Debug|iPhoneSimulator.Build.0 = Debug|iPhoneSimulator
		{14F744F8-A791-4FF1-B352-6A2098A2CC17}.Debug|iPhoneSimulator.Deploy.0 = Debug|iPhoneSimulator
		{14F744F8-A791-4FF1-B352-6A2098A2CC17}.Release|Any CPU.ActiveCfg = Release|iPhone
		{14F744F8-A791-4FF1-B352-6A2098A2CC17}.Release|Any CPU.Build.0 = Release|iPhone
		{14F744F8-A791-4FF1-B352-6A2098A2CC17}.Release|Any CPU.Deploy.0 = Release|iPhone
		{14F744F8-A791-4FF1-B352-6A2098A2CC17}.Release|iPhone.ActiveCfg = Release|iPhone
		{14F744F8-A791-4FF1-B352-6A2098A2CC17}.Release|iPhone.Build.0 = Release|iPhone
		{14F744F8-A791-4FF1-B352-6A2098A2CC17}.Release|iPhone.Deploy.0 = Release|iPhone
		{14F744F8-A791-4FF1-B352-6A2098A2CC17}.Release|iPhoneSimulator.ActiveCfg = Release|iPhoneSimulator
		{14F744F8-A791-4FF1-B352-6A2098A2CC17}.Release|iPhoneSimulator.Build.0 = Release|iPhoneSimulator
		{14F744F8-A791-4FF1-B352-6A2098A2CC17}.Release|iPhoneSimulator.Deploy.0 = Release|iPhoneSimulator
		{CF9E8DDC-3E11-4DE4-90C7-C45E39EB2B8C}.Ad-Hoc|Any CPU.ActiveCfg = Debug|Any CPU
		{CF9E8DDC-3E11-4DE4-90C7-C45E39EB2B8C}.Ad-Hoc|Any CPU.Build.0 = Debug|Any CPU
		{CF9E8DDC-3E11-4DE4-90C7-C45E39EB2B8C}.Ad-Hoc|Any CPU.Deploy.0 = Debug|Any CPU
		{CF9E8DDC-3E11-4DE4-90C7-C45E39EB2B8C}.Ad-Hoc|iPhone.ActiveCfg = Debug|Any CPU
		{CF9E8DDC-3E11-4DE4-90C7-C45E39EB2B8C}.Ad-Hoc|iPhone.Build.0 = Debug|Any CPU
		{CF9E8DDC-3E11-4DE4-90C7-C45E39EB2B8C}.Ad-Hoc|iPhone.Deploy.0 = Debug|Any CPU
		{CF9E8DDC-3E11-4DE4-90C7-C45E39EB2B8C}.Ad-Hoc|iPhoneSimulator.ActiveCfg = Debug|Any CPU
		{CF9E8DDC-3E11-4DE4-90C7-C45E39EB2B8C}.Ad-Hoc|iPhoneSimulator.Build.0 = Debug|Any CPU
		{CF9E8DDC-3E11-4DE4-90C7-C45E39EB2B8C}.Ad-Hoc|iPhoneSimulator.Deploy.0 = Debug|Any CPU
		{CF9E8DDC-3E11-4DE4-90C7-C45E39EB2B8C}.AppStore|Any CPU.ActiveCfg = Debug|Any CPU
		{CF9E8DDC-3E11-4DE4-90C7-C45E39EB2B8C}.AppStore|Any CPU.Build.0 = Debug|Any CPU
		{CF9E8DDC-3E11-4DE4-90C7-C45E39EB2B8C}.AppStore|Any CPU.Deploy.0 = Debug|Any CPU
		{CF9E8DDC-3E11-4DE4-90C7-C45E39EB2B8C}.AppStore|iPhone.ActiveCfg = Debug|Any CPU
		{CF9E8DDC-3E11-4DE4-90C7-C45E39EB2B8C}.AppStore|iPhone.Build.0 = Debug|Any CPU
		{CF9E8DDC-3E11-4DE4-90C7-C45E39EB2B8C}.AppStore|iPhone.Deploy.0 = Debug|Any CPU
		{CF9E8DDC-3E11-4DE4-90C7-C45E39EB2B8C}.AppStore|iPhoneSimulator.ActiveCfg = Debug|Any CPU
		{CF9E8DDC-3E11-4DE4-90C7-C45E39EB2B8C}.AppStore|iPhoneSimulator.Build.0 = Debug|Any CPU
		{CF9E8DDC-3E11-4DE4-90C7-C45E39EB2B8C}.AppStore|iPhoneSimulator.Deploy.0 = Debug|Any CPU
		{CF9E8DDC-3E11-4DE4-90C7-C45E39EB2B8C}.Debug|Any CPU.ActiveCfg = Debug|Any CPU
		{CF9E8DDC-3E11-4DE4-90C7-C45E39EB2B8C}.Debug|Any CPU.Build.0 = Debug|Any CPU
		{CF9E8DDC-3E11-4DE4-90C7-C45E39EB2B8C}.Debug|Any CPU.Deploy.0 = Debug|Any CPU
		{CF9E8DDC-3E11-4DE4-90C7-C45E39EB2B8C}.Debug|iPhone.ActiveCfg = Debug|Any CPU
		{CF9E8DDC-3E11-4DE4-90C7-C45E39EB2B8C}.Debug|iPhone.Build.0 = Debug|Any CPU
		{CF9E8DDC-3E11-4DE4-90C7-C45E39EB2B8C}.Debug|iPhone.Deploy.0 = Debug|Any CPU
		{CF9E8DDC-3E11-4DE4-90C7-C45E39EB2B8C}.Debug|iPhoneSimulator.ActiveCfg = Debug|Any CPU
		{CF9E8DDC-3E11-4DE4-90C7-C45E39EB2B8C}.Debug|iPhoneSimulator.Build.0 = Debug|Any CPU
		{CF9E8DDC-3E11-4DE4-90C7-C45E39EB2B8C}.Debug|iPhoneSimulator.Deploy.0 = Debug|Any CPU
		{CF9E8DDC-3E11-4DE4-90C7-C45E39EB2B8C}.Release|Any CPU.ActiveCfg = Release|Any CPU
		{CF9E8DDC-3E11-4DE4-90C7-C45E39EB2B8C}.Release|Any CPU.Build.0 = Release|Any CPU
		{CF9E8DDC-3E11-4DE4-90C7-C45E39EB2B8C}.Release|Any CPU.Deploy.0 = Release|Any CPU
		{CF9E8DDC-3E11-4DE4-90C7-C45E39EB2B8C}.Release|iPhone.ActiveCfg = Release|Any CPU
		{CF9E8DDC-3E11-4DE4-90C7-C45E39EB2B8C}.Release|iPhone.Build.0 = Release|Any CPU
		{CF9E8DDC-3E11-4DE4-90C7-C45E39EB2B8C}.Release|iPhone.Deploy.0 = Release|Any CPU
		{CF9E8DDC-3E11-4DE4-90C7-C45E39EB2B8C}.Release|iPhoneSimulator.ActiveCfg = Release|Any CPU
		{CF9E8DDC-3E11-4DE4-90C7-C45E39EB2B8C}.Release|iPhoneSimulator.Build.0 = Release|Any CPU
		{CF9E8DDC-3E11-4DE4-90C7-C45E39EB2B8C}.Release|iPhoneSimulator.Deploy.0 = Release|Any CPU
	EndGlobalSection
	GlobalSection(SolutionProperties) = preSolution
		HideSolutionNode = FALSE
	EndGlobalSection
	GlobalSection(ExtensibilityGlobals) = postSolution
		SolutionGuid = {6401A540-7E5A-4E4B-AC23-FCD1FC9D6FF8}
	EndGlobalSection
EndGlobal
